
Microsoft Visual Studio Solution File, Format Version 12.00
# Visual Studio Version 17
VisualStudioVersion = 17.14.36915.13 d17.14
MinimumVisualStudioVersion = 10.0.40219.1
Project("{FAE04EC0-301F-11D3-BF4B-00C04F79EFBC}") = "CyberAwarenessChatBotGui_Part2", "CyberAwarenessChatBotGui_Part2\CyberAwarenessChatBotGui_Part2.csproj", "{97158E3C-4336-4881-BBBB-4F0089F54B02}"
EndProject
Global
	GlobalSection(SolutionConfigurationPlatforms) = preSolution
		Debug|Any CPU = Debug|Any CPU
		Release|Any CPU = Release|Any CPU
	EndGlobalSection
	GlobalSection(ProjectConfigurationPlatforms) = postSolution
		{97158E3C-4336-4881-BBBB-4F0089F54B02}.Debug|Any CPU.ActiveCfg = Debug|Any CPU
		{97158E3C-4336-4881-BBBB-4F0089F54B02}.Debug|Any CPU.Build.0 = Debug|Any CPU
		{97158E3C-4336-4881-BBBB-4F0089F54B02}.Release|Any CPU.ActiveCfg = Release|Any CPU
		{97158E3C-4336-4881-BBBB-4F0089F54B02}.Release|Any CPU.Build.0 = Release|Any CPU
	EndGlobalSection
	GlobalSection(SolutionProperties) = preSolution
		HideSolutionNode = FALSE
	EndGlobalSection
	GlobalSection(ExtensibilityGlobals) = postSolution
		SolutionGuid = {982E340B-8007-4440-A45E-B121B3D29ADA}
	EndGlobalSection
EndGlobal
